{
    "version": "0.5",
    "requires": [
        "zlib/1.3.1#b8bc2603263cf7eccbd6e17e66b0ed76%1733936244.862",
        "vorbis/1.3.7#37e58f52e59a6232199b34ef402714a6%1699046045.52",
        "stb/cci.20230920#ed79bd361e974a99137f214efb117eef%1720366013.319",
        "sfml/2.6.2#aa5b8c41da4dc4322c7beed0e26657ca%1732108308.48",
        "opengl/system#7c02ea6ef926fd04844af53622a30541%1730805494.23",
        "openal-soft/1.22.2#506a381e0b805519cba4a7f1ee653fed%1712154674.237",
        "ogg/1.3.5#062626875f5c8c59f069f76f148098ef%1676030023.878",
        "minimp3/cci.20211201#045f7bf02ba91cce9a8730ce075705e7%1687805559.259",
        "libpng/1.6.44#9e1aa08fb46946c7c91e4ae03bd49811%1726517437.225",
        "freetype/2.13.2#5d2563803c8558d4ef47271a82c73d20%1728736671.752",
        "flac/1.4.3#828dbd8368d4108efed1b17a6eed9969%1731965494.255",
        "bzip2/1.0.8#d00dac990f08d991998d624be81a9526%1724661266.998",
        "brotli/1.1.0#d56d7bb9ca722942aba17369cb5c0519%1696161049.808"
    ],
    "build_requires": [
        "pkgconf/2.1.0#27f44583701117b571307cf5b5fe5605%1701537936.436",
        "ninja/1.12.1#fd583651bf0c6a901943495d49878803%1724079877.609",
        "meson/1.3.2#26ce8a76a36cc275cdfee1d757bc6561%1726730118.251",
        "meson/1.2.2#21b73818ba96d9eea465b310b5bbc993%1726730120.212"
    ],
    "python_requires": [],
    "overrides": {
        "zlib/[>=1.2.10 <2]": [
            "zlib/1.3.1"
        ],
        "zlib/[>=1.2.11 <2]": [
            "zlib/1.3.1"
        ]
    },
    "config_requires": []
}